
Microsoft Visual Studio Solution File, Format Version 12.00
# Visual Studio Version 17
VisualStudioVersion = 17.4.33205.214
MinimumVisualStudioVersion = 10.0.40219.1
Project("{9A19103F-16F7-4668-BE54-9A1E7A4F7556}") = "Focus", "Focus.csproj", "{88CB73F3-4029-4893-ABCB-4FFDF7F031EE}"
EndProject
Global
	GlobalSection(SolutionConfigurationPlatforms) = preSolution
		Debug|Any CPU = Debug|Any CPU
		Release|Any CPU = Release|Any CPU
	EndGlobalSection
	GlobalSection(ProjectConfigurationPlatforms) = postSolution
		{88CB73F3-4029-4893-ABCB-4FFDF7F031EE}.Debug|Any CPU.ActiveCfg = Debug|Any CPU
		{88CB73F3-4029-4893-ABCB-4FFDF7F031EE}.Debug|Any CPU.Build.0 = Debug|Any CPU
		{88CB73F3-4029-4893-ABCB-4FFDF7F031EE}.Release|Any CPU.ActiveCfg = Release|Any CPU
		{88CB73F3-4029-4893-ABCB-4FFDF7F031EE}.Release|Any CPU.Build.0 = Release|Any CPU
	EndGlobalSection
	GlobalSection(SolutionProperties) = preSolution
		HideSolutionNode = FALSE
	EndGlobalSection
	GlobalSection(ExtensibilityGlobals) = postSolution
		SolutionGuid = {72FF1295-4785-4EE1-BCC5-697E53F4BBD9}
	EndGlobalSection
EndGlobal
